
Microsoft Visual Studio Solution File, Format Version 12.00
# Visual Studio 2013
Project("{FAE04EC0-301F-11D3-BF4B-00C04F79EFBC}") = "UnityStudio.CSharp", "UnityStudio.CSharp.csproj", "{2D7F2586-5359-F1B2-EC5B-F4A7E9D35A9D}"
EndProject
Global
	GlobalSection(SolutionConfigurationPlatforms) = preSolution
		Debug|Any CPU = Debug|Any CPU
		Release|Any CPU = Release|Any CPU
	EndGlobalSection
	GlobalSection(ProjectConfigurationPlatforms) = postSolution
		{2D7F2586-5359-F1B2-EC5B-F4A7E9D35A9D}.Debug|Any CPU.ActiveCfg = Debug|Any CPU
		{2D7F2586-5359-F1B2-EC5B-F4A7E9D35A9D}.Debug|Any CPU.Build.0 = Debug|Any CPU
		{2D7F2586-5359-F1B2-EC5B-F4A7E9D35A9D}.Release|Any CPU.ActiveCfg = Release|Any CPU
		{2D7F2586-5359-F1B2-EC5B-F4A7E9D35A9D}.Release|Any CPU.Build.0 = Release|Any CPU
	EndGlobalSection
	GlobalSection(SolutionProperties) = preSolution
		HideSolutionNode = FALSE
	EndGlobalSection
EndGlobal
